{
  "name": "@constneo/add",
  "version": "1.0.1",
  "lockfileVersion": 3,
  "requires": true,
  "packages": {
    "": {
      "name": "@constneo/add",
      "version": "1.0.1",
      "license": "MIT",
      "dependencies": {
        "@constneo/add": "^1.0.1"
      }
    },
    "node_modules/@constneo/add": {
      "version": "1.0.1",
      "resolved": "https://registry.npmjs.org/@constneo/add/-/add-1.0.1.tgz",
      "integrity": "sha512-MqWWGkAphyCK2f8b3IJA+l8zNVHkQQT8DWcHiQpQHH1l2Fo8k8vtnRGiiDnQv7ox+DVQmdIZeY9i2SkpgsGzJA==",
      "license": "MIT",
      "dependencies": {
        "@constneo/add": "^1.0.0"
      }
    }
  }
}
